
Microsoft Visual Studio Solution File, Format Version 12.00
# Visual Studio Version 16
VisualStudioVersion = 16.0.31025.194
MinimumVisualStudioVersion = 10.0.40219.1
Project("{FAE04EC0-301F-11D3-BF4B-00C04F79EFBC}") = "HelloWorld", "HelloWorld\HelloWorld.csproj", "{63883F70-F961-4A60-A646-1336BA108E6A}"
EndProject
Global
	GlobalSection(SolutionConfigurationPlatforms) = preSolution
		Debug|Any CPU = Debug|Any CPU
		Release|Any CPU = Release|Any CPU
	EndGlobalSection
	GlobalSection(ProjectConfigurationPlatforms) = postSolution
		{63883F70-F961-4A60-A646-1336BA108E6A}.Debug|Any CPU.ActiveCfg = Debug|Any CPU
		{63883F70-F961-4A60-A646-1336BA108E6A}.Debug|Any CPU.Build.0 = Debug|Any CPU
		{63883F70-F961-4A60-A646-1336BA108E6A}.Release|Any CPU.ActiveCfg = Release|Any CPU
		{63883F70-F961-4A60-A646-1336BA108E6A}.Release|Any CPU.Build.0 = Release|Any CPU
	EndGlobalSection
	GlobalSection(SolutionProperties) = preSolution
		HideSolutionNode = FALSE
	EndGlobalSection
	GlobalSection(ExtensibilityGlobals) = postSolution
		SolutionGuid = {C049C357-678D-46DB-95F6-7BF0321AAB09}
	EndGlobalSection
EndGlobal
